// !$*UTF8*$!
{
	archiveVersion = 1;
	classes = {
	};
	objectVersion = 50;
	objects = {

/* Begin PBXBuildFile section */
		CEA367C7269DCA6900C50CEA /* AppDelegate.swift in Sources */ = {isa = PBXBuildFile; fileRef = CEA367C6269DCA6900C50CEA /* AppDelegate.swift */; };
		CEA367C9269DCA6900C50CEA /* SceneDelegate.swift in Sources */ = {isa = PBXBuildFile; fileRef = CEA367C8269DCA6900C50CEA /* SceneDelegate.swift */; };
		CEA367CB269DCA6900C50CEA /* ViewController.swift in Sources */ = {isa = PBXBuildFile; fileRef = CEA367CA269DCA6900C50CEA /* ViewController.swift */; };
		CEA367CE269DCA6900C50CEA /* Main.storyboard in Resources */ = {isa = PBXBuildFile; fileRef = CEA367CC269DCA6900C50CEA /* Main.storyboard */; };
		CEA367D0269DCA6D00C50CEA /* Assets.xcassets in Resources */ = {isa = PBXBuildFile; fileRef = CEA367CF269DCA6D00C50CEA /* Assets.xcassets */; };
		CEA367D3269DCA6D00C50CEA /* LaunchScreen.storyboard in Resources */ = {isa = PBXBuildFile; fileRef = CEA367D1269DCA6D00C50CEA /* LaunchScreen.storyboard */; };
/* End PBXBuildFile section */

/* Begin PBXFileReference section */
		CEA367C3269DCA6900C50CEA /* AvtorisationApp.app */ = {isa = PBXFileReference; explicitFileType = wrapper.application; includeInIndex = 0; path = AvtorisationApp.app; sourceTree = BUILT_PRODUCTS_DIR; };
		CEA367C6269DCA6900C50CEA /* AppDelegate.swift */ = {isa = PBXFileReference; lastKnownFileType = sourcecode.swift; path = AppDelegate.swift; sourceTree = "<group>"; };
		CEA367C8269DCA6900C50CEA /* SceneDelegate.swift */ = {isa = PBXFileReference; lastKnownFileType = sourcecode.swift; path = SceneDelegate.swift; sourceTree = "<group>"; };
		CEA367CA269DCA6900C50CEA /* ViewController.swift */ = {isa = PBXFileReference; lastKnownFileType = sourcecode.swift; path = ViewController.swift; sourceTree = "<group>"; };
		CEA367CD269DCA6900C50CEA /* Base */ = {isa = PBXFileReference; lastKnownFileType = file.storyboard; name = Base; path = Base.lproj/Main.storyboard; sourceTree = "<group>"; };
		CEA367CF269DCA6D00C50CEA /* Assets.xcassets */ = {isa = PBXFileReference; lastKnownFileType = folder.assetcatalog; path = Assets.xcassets; sourceTree = "<group>"; };
		CEA367D2269DCA6D00C50CEA /* Base */ = {isa = PBXFileReference; lastKnownFileType = file.storyboard; name = Base; path = Base.lproj/LaunchScreen.storyboard; sourceTree = "<group>"; };
		CEA367D4269DCA6D00C50CEA /* Info.plist */ = {isa = PBXFileReference; lastKnownFileType = text.plist.xml; path = Info.plist; sourceTree = "<group>"; };
/* End PBXFileReference section */

/* Begin PBXFrameworksBuildPhase section */
		CEA367C0269DCA6900C50CEA /* Frameworks */ = {
			isa = PBXFrameworksBuildPhase;
			buildActionMask = 2147483647;
			files = (
			);
			runOnlyForDeploymentPostprocessing = 0;
		};
/* End PBXFrameworksBuildPhase section */

/* Begin PBXGroup section */
		CEA367BA269DCA6800C50CEA = {
			isa = PBXGroup;
			children = (
				CEA367C5269DCA6900C50CEA /* AvtorisationApp */,
				CEA367C4269DCA6900C50CEA /* Products */,
			);
			sourceTree = "<group>";
		};
		CEA367C4269DCA6900C50CEA /* Products */ = {
			isa = PBXGroup;
			children = (
				CEA367C3269DCA6900C50CEA /* AvtorisationApp.app */,
			);
			name = Products;
			sourceTree = "<group>";
		};
		CEA367C5269DCA6900C50CEA /* AvtorisationApp */ = {
			isa = PBXGroup;
			children = (
				CEA367C6269DCA6900C50CEA /* AppDelegate.swift */,
				CEA367C8269DCA6900C50CEA /* SceneDelegate.swift */,
				CEA367CA269DCA6900C50CEA /* ViewController.swift */,
				CEA367CC269DCA6900C50CEA /* Main.storyboard */,
				CEA367CF269DCA6D00C50CEA /* Assets.xcassets */,
				CEA367D1269DCA6D00C50CEA /* LaunchScreen.storyboard */,
				CEA367D4269DCA6D00C50CEA /* Info.plist */,
			);
			path = AvtorisationApp;
			sourceTree = "<group>";
		};
/* End PBXGroup section */

/* Begin PBXNativeTarget section */
		CEA367C2269DCA6900C50CEA /* AvtorisationApp */ = {
			isa = PBXNativeTarget;
			buildConfigurationList = CEA367D7269DCA6D00C50CEA /* Build configuration list for PBXNativeTarget "AvtorisationApp" */;
			buildPhases = (
				CEA367BF269DCA6900C50CEA /* Sources */,
				CEA367C0269DCA6900C50CEA /* Frameworks */,
				CEA367C1269DCA6900C50CEA /* Resources */,
			);
			buildRules = (
			);
			dependencies = (
			);
			name = AvtorisationApp;
			productName = AvtorisationApp;
			productReference = CEA367C3269DCA6900C50CEA /* AvtorisationApp.app */;
			productType = "com.apple.product-type.application";
		};
/* End PBXNativeTarget section */

/* Begin PBXProject section */
		CEA367BB269DCA6800C50CEA /* Project object */ = {
			isa = PBXProject;
			attributes = {
				LastSwiftUpdateCheck = 1250;
				LastUpgradeCheck = 1250;
				TargetAttributes = {
					CEA367C2269DCA6900C50CEA = {
						CreatedOnToolsVersion = 12.5;
					};
				};
			};
			buildConfigurationList = CEA367BE269DCA6800C50CEA /* Build configuration list for PBXProject "AvtorisationApp" */;
			compatibilityVersion = "Xcode 9.3";
			developmentRegion = en;
			hasScannedForEncodings = 0;
			knownRegions = (
				en,
				Base,
			);
			mainGroup = CEA367BA269DCA6800C50CEA;
			productRefGroup = CEA367C4269DCA6900C50CEA /* Products */;
			projectDirPath = "";
			projectRoot = "";
			targets = (
				CEA367C2269DCA6900C50CEA /* AvtorisationApp */,
			);
		};
/* End PBXProject section */

/* Begin PBXResourcesBuildPhase section */
		CEA367C1269DCA6900C50CEA /* Resources */ = {
			isa = PBXResourcesBuildPhase;
			buildActionMask = 2147483647;
			files = (
				CEA367D3269DCA6D00C50CEA /* LaunchScreen.storyboard in Resources */,
				CEA367D0269DCA6D00C50CEA /* Assets.xcassets in Resources */,
				CEA367CE269DCA6900C50CEA /* Main.storyboard in Resources */,
			);
			runOnlyForDeploymentPostprocessing = 0;
		};
/* End PBXResourcesBuildPhase section */

/* Begin PBXSourcesBuildPhase section */
		CEA367BF269DCA6900C50CEA /* Sources */ = {
			isa = PBXSourcesBuildPhase;
			buildActionMask = 2147483647;
			files = (
				CEA367CB269DCA6900C50CEA /* ViewController.swift in Sources */,
				CEA367C7269DCA6900C50CEA /* AppDelegate.swift in Sources */,
				CEA367C9269DCA6900C50CEA /* SceneDelegate.swift in Sources */,
			);
			runOnlyForDeploymentPostprocessing = 0;
		};
/* End PBXSourcesBuildPhase section */

/* Begin PBXVariantGroup section */
		CEA367CC269DCA6900C50CEA /* Main.storyboard */ = {
			isa = PBXVariantGroup;
			children = (
				CEA367CD269DCA6900C50CEA /* Base */,
			);
			name = Main.storyboard;
			sourceTree = "<group>";
		};
		CEA367D1269DCA6D00C50CEA /* LaunchScreen.storyboard */ = {
			isa = PBXVariantGroup;
			children = (
				CEA367D2269DCA6D00C50CEA /* Base */,
			);
			name = LaunchScreen.storyboard;
			sourceTree = "<group>";
		};
/* End PBXVariantGroup section */

/* Begin XCBuildConfiguration section */
		CEA367D5269DCA6D00C50CEA /* Debug */ = {
			isa = XCBuildConfiguration;
			buildSettings = {
				ALWAYS_SEARCH_USER_PATHS = NO;
				CLANG_ANALYZER_NONNULL = YES;
				CLANG_ANALYZER_NUMBER_OBJECT_CONVERSION = YES_AGGRESSIVE;
				CLANG_CXX_LANGUAGE_STANDARD = "gnu++14";
				CLANG_CXX_LIBRARY = "libc++";
				CLANG_ENABLE_MODULES = YES;
				CLANG_ENABLE_OBJC_ARC = YES;
				CLANG_ENABLE_OBJC_WEAK = YES;
				CLANG_WARN_BLOCK_CAPTURE_AUTORELEASING = YES;
				CLANG_WARN_BOOL_CONVERSION = YES;
				CLANG_WARN_COMMA = YES;
				CLANG_WARN_CONSTANT_CONVERSION = YES;
				CLANG_WARN_DEPRECATED_OBJC_IMPLEMENTATIONS = YES;
				CLANG_WARN_DIRECT_OBJC_ISA_USAGE = YES_ERROR;
				CLANG_WARN_DOCUMENTATION_COMMENTS = YES;
				CLANG_WARN_EMPTY_BODY = YES;
				CLANG_WARN_ENUM_CONVERSION = YES;
				CLANG_WARN_INFINITE_RECURSION = YES;
				CLANG_WARN_INT_CONVERSION = YES;
				CLANG_WARN_NON_LITERAL_NULL_CONVERSION = YES;
				CLANG_WARN_OBJC_IMPLICIT_RETAIN_SELF = YES;
				CLANG_WARN_OBJC_LITERAL_CONVERSION = YES;
				CLANG_WARN_OBJC_ROOT_CLASS = YES_ERROR;
				CLANG_WARN_QUOTED_INCLUDE_IN_FRAMEWORK_HEADER = YES;
				CLANG_WARN_RANGE_LOOP_ANALYSIS = YES;
				CLANG_WARN_STRICT_PROTOTYPES = YES;
				CLANG_WARN_SUSPICIOUS_MOVE = YES;
				CLANG_WARN_UNGUARDED_AVAILABILITY = YES_AGGRESSIVE;
				CLANG_WARN_UNREACHABLE_CODE = YES;
				CLANG_WARN__DUPLICATE_METHOD_MATCH = YES;
				COPY_PHASE_STRIP = NO;
				DEBUG_INFORMATION_FORMAT = dwarf;
				ENABLE_STRICT_OBJC_MSGSEND = YES;
				ENABLE_TESTABILITY = YES;
				GCC_C_LANGUAGE_STANDARD = gnu11;
				GCC_DYNAMIC_NO_PIC = NO;
				GCC_NO_COMMON_BLOCKS = YES;
				GCC_OPTIMIZATION_LEVEL = 0;
				GCC_PREPROCESSOR_DEFINITIONS = (
					"DEBUG=1",
					"$(inherited)",
				);
				GCC_WARN_64_TO_32_BIT_CONVERSION = YES;
				GCC_WARN_ABOUT_RETURN_TYPE = YES_ERROR;
				GCC_WARN_UNDECLARED_SELECTOR = YES;
				GCC_WARN_UNINITIALIZED_AUTOS = YES_AGGRESSIVE;
				GCC_WARN_UNUSED_FUNCTION = YES;
				GCC_WARN_UNUSED_VARIABLE = YES;
				IPHONEOS_DEPLOYMENT_TARGET = 14.5;
				MTL_ENABLE_DEBUG_INFO = INCLUDE_SOURCE;
				MTL_FAST_MATH = YES;
				ONLY_ACTIVE_ARCH = YES;
				SDKROOT = iphoneos;
				SWIFT_ACTIVE_COMPILATION_CONDITIONS = DEBUG;
				SWIFT_OPTIMIZATION_LEVEL = "-Onone";
			};
			name = Debug;
		};
		CEA367D6269DCA6D00C50CEA /* Release */ = {
			isa = XCBuildConfiguration;
			buildSettings = {
				ALWAYS_SEARCH_USER_PATHS = NO;
				CLANG_ANALYZER_NONNULL = YES;
				CLANG_ANALYZER_NUMBER_OBJECT_CONVERSION = YES_AGGRESSIVE;
				CLANG_CXX_LANGUAGE_STANDARD = "gnu++14";
				CLANG_CXX_LIBRARY = "libc++";
				CLANG_ENABLE_MODULES = YES;
				CLANG_ENABLE_OBJC_ARC = YES;
				CLANG_ENABLE_OBJC_WEAK = YES;
				CLANG_WARN_BLOCK_CAPTURE_AUTORELEASING = YES;
				CLANG_WARN_BOOL_CONVERSION = YES;
				CLANG_WARN_COMMA = YES;
				CLANG_WARN_CONSTANT_CONVERSION = YES;
				CLANG_WARN_DEPRECATED_OBJC_IMPLEMENTATIONS = YES;
				CLANG_WARN_DIRECT_OBJC_ISA_USAGE = YES_ERROR;
				CLANG_WARN_DOCUMENTATION_COMMENTS = YES;
				CLANG_WARN_EMPTY_BODY = YES;
				CLANG_WARN_ENUM_CONVERSION = YES;
				CLANG_WARN_INFINITE_RECURSION = YES;
				CLANG_WARN_INT_CONVERSION = YES;
				CLANG_WARN_NON_LITERAL_NULL_CONVERSION = YES;
				CLANG_WARN_OBJC_IMPLICIT_RETAIN_SELF = YES;
				CLANG_WARN_OBJC_LITERAL_CONVERSION = YES;
				CLANG_WARN_OBJC_ROOT_CLASS = YES_ERROR;
				CLANG_WARN_QUOTED_INCLUDE_IN_FRAMEWORK_HEADER = YES;
				CLANG_WARN_RANGE_LOOP_ANALYSIS = YES;
				CLANG_WARN_STRICT_PROTOTYPES = YES;
				CLANG_WARN_SUSPICIOUS_MOVE = YES;
				CLANG_WARN_UNGUARDED_AVAILABILITY = YES_AGGRESSIVE;
				CLANG_WARN_UNREACHABLE_CODE = YES;
				CLANG_WARN__DUPLICATE_METHOD_MATCH = YES;
				COPY_PHASE_STRIP = NO;
				DEBUG_INFORMATION_FORMAT = "dwarf-with-dsym";
				ENABLE_NS_ASSERTIONS = NO;
				ENABLE_STRICT_OBJC_MSGSEND = YES;
				GCC_C_LANGUAGE_STANDARD = gnu11;
				GCC_NO_COMMON_BLOCKS = YES;
				GCC_WARN_64_TO_32_BIT_CONVERSION = YES;
				GCC_WARN_ABOUT_RETURN_TYPE = YES_ERROR;
				GCC_WARN_UNDECLARED_SELECTOR = YES;
				GCC_WARN_UNINITIALIZED_AUTOS = YES_AGGRESSIVE;
				GCC_WARN_UNUSED_FUNCTION = YES;
				GCC_WARN_UNUSED_VARIABLE = YES;
				IPHONEOS_DEPLOYMENT_TARGET = 14.5;
				MTL_ENABLE_DEBUG_INFO = NO;
				MTL_FAST_MATH = YES;
				SDKROOT = iphoneos;
				SWIFT_COMPILATION_MODE = wholemodule;
				SWIFT_OPTIMIZATION_LEVEL = "-O";
				VALIDATE_PRODUCT = YES;
			};
			name = Release;
		};
		CEA367D8269DCA6D00C50CEA /* Debug */ = {
			isa = XCBuildConfiguration;
			buildSettings = {
				ASSETCATALOG_COMPILER_APPICON_NAME = AppIcon;
				ASSETCATALOG_COMPILER_GLOBAL_ACCENT_COLOR_NAME = AccentColor;
				CODE_SIGN_STYLE = Automatic;
				DEVELOPMENT_TEAM = BUF9M3X95J;
				INFOPLIST_FILE = AvtorisationApp/Info.plist;
				LD_RUNPATH_SEARCH_PATHS = (
					"$(inherited)",
					"@executable_path/Frameworks",
				);
				PRODUCT_BUNDLE_IDENTIFIER = KandaurovYurij.AvtorisationApp;
				PRODUCT_NAME = "$(TARGET_NAME)";
				SWIFT_VERSION = 5.0;
				TARGETED_DEVICE_FAMILY = "1,2";
			};
			name = Debug;
		};
		CEA367D9269DCA6D00C50CEA /* Release */ = {
			isa = XCBuildConfiguration;
			buildSettings = {
				ASSETCATALOG_COMPILER_APPICON_NAME = AppIcon;
				ASSETCATALOG_COMPILER_GLOBAL_ACCENT_COLOR_NAME = AccentColor;
				CODE_SIGN_STYLE = Automatic;
				DEVELOPMENT_TEAM = BUF9M3X95J;
				INFOPLIST_FILE = AvtorisationApp/Info.plist;
				LD_RUNPATH_SEARCH_PATHS = (
					"$(inherited)",
					"@executable_path/Frameworks",
				);
				PRODUCT_BUNDLE_IDENTIFIER = KandaurovYurij.AvtorisationApp;
				PRODUCT_NAME = "$(TARGET_NAME)";
				SWIFT_VERSION = 5.0;
				TARGETED_DEVICE_FAMILY = "1,2";
			};
			name = Release;
		};
/* End XCBuildConfiguration section */

/* Begin XCConfigurationList section */
		CEA367BE269DCA6800C50CEA /* Build configuration list for PBXProject "AvtorisationApp" */ = {
			isa = XCConfigurationList;
			buildConfigurations = (
				CEA367D5269DCA6D00C50CEA /* Debug */,
				CEA367D6269DCA6D00C50CEA /* Release */,
			);
			defaultConfigurationIsVisible = 0;
			defaultConfigurationName = Release;
		};
		CEA367D7269DCA6D00C50CEA /* Build configuration list for PBXNativeTarget "AvtorisationApp" */ = {
			isa = XCConfigurationList;
			buildConfigurations = (
				CEA367D8269DCA6D00C50CEA /* Debug */,
				CEA367D9269DCA6D00C50CEA /* Release */,
			);
			defaultConfigurationIsVisible = 0;
			defaultConfigurationName = Release;
		};
/* End XCConfigurationList section */
	};
	rootObject = CEA367BB269DCA6800C50CEA /* Project object */;
}
